
Microsoft Visual Studio Solution File, Format Version 12.00
# Visual Studio Version 16
VisualStudioVersion = 16.0.31105.61
MinimumVisualStudioVersion = 10.0.40219.1
Project("{FAE04EC0-301F-11D3-BF4B-00C04F79EFBC}") = "EasyNews.WebApi", "EasyNews.WebApi\EasyNews.WebApi.csproj", "{DF43BEAC-271C-4A32-85F1-12A78F6B1405}"
EndProject
Global
	GlobalSection(SolutionConfigurationPlatforms) = preSolution
		Debug|Any CPU = Debug|Any CPU
		Release|Any CPU = Release|Any CPU
	EndGlobalSection
	GlobalSection(ProjectConfigurationPlatforms) = postSolution
		{DF43BEAC-271C-4A32-85F1-12A78F6B1405}.Debug|Any CPU.ActiveCfg = Debug|Any CPU
		{DF43BEAC-271C-4A32-85F1-12A78F6B1405}.Debug|Any CPU.Build.0 = Debug|Any CPU
		{DF43BEAC-271C-4A32-85F1-12A78F6B1405}.Release|Any CPU.ActiveCfg = Release|Any CPU
		{DF43BEAC-271C-4A32-85F1-12A78F6B1405}.Release|Any CPU.Build.0 = Release|Any CPU
	EndGlobalSection
	GlobalSection(SolutionProperties) = preSolution
		HideSolutionNode = FALSE
	EndGlobalSection
	GlobalSection(ExtensibilityGlobals) = postSolution
		SolutionGuid = {A3CD5C83-68A9-41D0-92EE-E9AABCE73F2B}
	EndGlobalSection
EndGlobal
